Microsoft Visual Studio Solution File, Format Version 11.00
# Visual Studio 2008

Project("{10DE0114-7CEA-2D7C-0CE1-E08A2AE7A870}") = "Projet-rythmique", "Assembly-CSharp.csproj", "{A59A43F4-B388-496D-33B4-1B1DBCF758D2}"
EndProject
Global
	GlobalSection(SolutionConfigurationPlatforms) = preSolution
		Debug|Any CPU = Debug|Any CPU
		Release|Any CPU = Release|Any CPU
	EndGlobalSection
	GlobalSection(ProjectConfigurationPlatforms) = postSolution
		{A59A43F4-B388-496D-33B4-1B1DBCF758D2}.Debug|Any CPU.ActiveCfg = Debug|Any CPU
		{A59A43F4-B388-496D-33B4-1B1DBCF758D2}.Debug|Any CPU.Build.0 = Debug|Any CPU
		{A59A43F4-B388-496D-33B4-1B1DBCF758D2}.Release|Any CPU.ActiveCfg = Release|Any CPU
		{A59A43F4-B388-496D-33B4-1B1DBCF758D2}.Release|Any CPU.Build.0 = Release|Any CPU
	EndGlobalSection
	GlobalSection(SolutionProperties) = preSolution
		HideSolutionNode = FALSE
	EndGlobalSection
			GlobalSection(MonoDevelopProperties) = preSolution
		StartupItem = Assembly-CSharp.csproj
		Policies = $0
		$0.TextStylePolicy = $1
		$1.inheritsSet = null
		$1.scope = text/x-csharp
		$0.CSharpFormattingPolicy = $2
		$2.inheritsSet = Mono
		$2.inheritsScope = text/x-csharp
		$2.scope = text/x-csharp
		$0.TextStylePolicy = $3
		$3.FileWidth = 120
		$3.TabWidth = 4
		$3.IndentWidth = 4
		$3.EolMarker = Unix
		$3.inheritsSet = Mono
		$3.inheritsScope = text/plain
		$3.scope = text/plain
	EndGlobalSection

EndGlobal
